
Microsoft Visual Studio Solution File, Format Version 12.00
# Visual Studio Version 17
VisualStudioVersion = 17.3.32922.545
MinimumVisualStudioVersion = 10.0.40219.1
Project("{F2A71F9B-5D33-465A-A702-920D77279786}") = "FP_labs2", "FP_labs2\FP_labs2.fsproj", "{038923FB-8809-4668-9A98-0A50DB95C355}"
EndProject
Global
	GlobalSection(SolutionConfigurationPlatforms) = preSolution
		Debug|Any CPU = Debug|Any CPU
		Release|Any CPU = Release|Any CPU
	EndGlobalSection
	GlobalSection(ProjectConfigurationPlatforms) = postSolution
		{038923FB-8809-4668-9A98-0A50DB95C355}.Debug|Any CPU.ActiveCfg = Debug|Any CPU
		{038923FB-8809-4668-9A98-0A50DB95C355}.Debug|Any CPU.Build.0 = Debug|Any CPU
		{038923FB-8809-4668-9A98-0A50DB95C355}.Release|Any CPU.ActiveCfg = Release|Any CPU
		{038923FB-8809-4668-9A98-0A50DB95C355}.Release|Any CPU.Build.0 = Release|Any CPU
	EndGlobalSection
	GlobalSection(SolutionProperties) = preSolution
		HideSolutionNode = FALSE
	EndGlobalSection
	GlobalSection(ExtensibilityGlobals) = postSolution
		SolutionGuid = {2229C0A2-09F2-40A4-8BA3-9BED91981A84}
	EndGlobalSection
EndGlobal
