
Microsoft Visual Studio Solution File, Format Version 12.00
# Visual Studio Version 17
VisualStudioVersion = 17.3.32929.385
MinimumVisualStudioVersion = 10.0.40219.1
Project("{F2A71F9B-5D33-465A-A702-920D77279786}") = "FP_labs6", "FP_labs6\FP_labs6.fsproj", "{6D04C02D-D001-45E6-8E0D-169F6DD5544A}"
EndProject
Global
	GlobalSection(SolutionConfigurationPlatforms) = preSolution
		Debug|Any CPU = Debug|Any CPU
		Release|Any CPU = Release|Any CPU
	EndGlobalSection
	GlobalSection(ProjectConfigurationPlatforms) = postSolution
		{6D04C02D-D001-45E6-8E0D-169F6DD5544A}.Debug|Any CPU.ActiveCfg = Debug|Any CPU
		{6D04C02D-D001-45E6-8E0D-169F6DD5544A}.Debug|Any CPU.Build.0 = Debug|Any CPU
		{6D04C02D-D001-45E6-8E0D-169F6DD5544A}.Release|Any CPU.ActiveCfg = Release|Any CPU
		{6D04C02D-D001-45E6-8E0D-169F6DD5544A}.Release|Any CPU.Build.0 = Release|Any CPU
	EndGlobalSection
	GlobalSection(SolutionProperties) = preSolution
		HideSolutionNode = FALSE
	EndGlobalSection
	GlobalSection(ExtensibilityGlobals) = postSolution
		SolutionGuid = {D1E3A7DF-39D0-41D0-AFB4-0FB6B5AC24DF}
	EndGlobalSection
EndGlobal
