
Microsoft Visual Studio Solution File, Format Version 12.00
# Visual Studio Version 17
VisualStudioVersion = 17.3.32922.545
MinimumVisualStudioVersion = 10.0.40219.1
Project("{F2A71F9B-5D33-465A-A702-920D77279786}") = "FP_labs3", "FP_labs3\FP_labs3.fsproj", "{38A26FD9-A264-4EE0-9A96-B942B433574D}"
EndProject
Global
	GlobalSection(SolutionConfigurationPlatforms) = preSolution
		Debug|Any CPU = Debug|Any CPU
		Release|Any CPU = Release|Any CPU
	EndGlobalSection
	GlobalSection(ProjectConfigurationPlatforms) = postSolution
		{38A26FD9-A264-4EE0-9A96-B942B433574D}.Debug|Any CPU.ActiveCfg = Debug|Any CPU
		{38A26FD9-A264-4EE0-9A96-B942B433574D}.Debug|Any CPU.Build.0 = Debug|Any CPU
		{38A26FD9-A264-4EE0-9A96-B942B433574D}.Release|Any CPU.ActiveCfg = Release|Any CPU
		{38A26FD9-A264-4EE0-9A96-B942B433574D}.Release|Any CPU.Build.0 = Release|Any CPU
	EndGlobalSection
	GlobalSection(SolutionProperties) = preSolution
		HideSolutionNode = FALSE
	EndGlobalSection
	GlobalSection(ExtensibilityGlobals) = postSolution
		SolutionGuid = {C37A459C-C53C-465B-A22A-79FFE9908510}
	EndGlobalSection
EndGlobal
